
Microsoft Visual Studio Solution File, Format Version 12.00
# Visual Studio 15
VisualStudioVersion = 15.0.26124.0
MinimumVisualStudioVersion = 15.0.26124.0
Project("{FAE04EC0-301F-11D3-BF4B-00C04F79EFBC}") = "CatCattery.API", "CatCattery.API\CatCattery.API.csproj", "{11CD44D3-DEE1-4F8D-97B0-A92F50740C2D}"
EndProject
Project("{FAE04EC0-301F-11D3-BF4B-00C04F79EFBC}") = "CatCattery.Domain", "CatCattery.Domain\CatCattery.Domain.csproj", "{B7DA237F-7ACA-4A00-A43A-A83ED5FD377F}"
EndProject
Project("{FAE04EC0-301F-11D3-BF4B-00C04F79EFBC}") = "CatCattery.Domain.Tests", "CatCattery.Domain.Tests\CatCattery.Domain.Tests.csproj", "{B176C633-2FD2-4AC6-A098-FE5143726BFC}"
EndProject
Project("{FAE04EC0-301F-11D3-BF4B-00C04F79EFBC}") = "CatCattery.Infrastucture", "CatCattery.Infrastucture\CatCattery.Infrastucture.csproj", "{27097EE6-0C76-4978-88BA-E5AA9BC1E866}"
EndProject
Project("{FAE04EC0-301F-11D3-BF4B-00C04F79EFBC}") = "CatCattery.Infrastucture.Tests", "CatCattery.Infrastucture.Tests\CatCattery.Infrastucture.Tests.csproj", "{1E5DD6DB-4BB1-4ED1-8019-CFCE1C6AEB76}"
EndProject
Project("{FAE04EC0-301F-11D3-BF4B-00C04F79EFBC}") = "CatCattery.Service", "CatCattery.Service\CatCattery.Service.csproj", "{AB97905C-6596-4EA6-8E4C-B3D194085349}"
EndProject
Project("{FAE04EC0-301F-11D3-BF4B-00C04F79EFBC}") = "CatCattery.Service.Tests", "CatCattery.Service.Tests\CatCattery.Service.Tests.csproj", "{4BD55685-6500-45DB-8B63-7D0AF98C7E33}"
EndProject
Global
	GlobalSection(SolutionConfigurationPlatforms) = preSolution
		Debug|Any CPU = Debug|Any CPU
		Debug|x64 = Debug|x64
		Debug|x86 = Debug|x86
		Release|Any CPU = Release|Any CPU
		Release|x64 = Release|x64
		Release|x86 = Release|x86
	EndGlobalSection
	GlobalSection(SolutionProperties) = preSolution
		HideSolutionNode = FALSE
	EndGlobalSection
	GlobalSection(ProjectConfigurationPlatforms) = postSolution
		{11CD44D3-DEE1-4F8D-97B0-A92F50740C2D}.Debug|Any CPU.ActiveCfg = Debug|Any CPU
		{11CD44D3-DEE1-4F8D-97B0-A92F50740C2D}.Debug|Any CPU.Build.0 = Debug|Any CPU
		{11CD44D3-DEE1-4F8D-97B0-A92F50740C2D}.Debug|x64.ActiveCfg = Debug|Any CPU
		{11CD44D3-DEE1-4F8D-97B0-A92F50740C2D}.Debug|x64.Build.0 = Debug|Any CPU
		{11CD44D3-DEE1-4F8D-97B0-A92F50740C2D}.Debug|x86.ActiveCfg = Debug|Any CPU
		{11CD44D3-DEE1-4F8D-97B0-A92F50740C2D}.Debug|x86.Build.0 = Debug|Any CPU
		{11CD44D3-DEE1-4F8D-97B0-A92F50740C2D}.Release|Any CPU.ActiveCfg = Release|Any CPU
		{11CD44D3-DEE1-4F8D-97B0-A92F50740C2D}.Release|Any CPU.Build.0 = Release|Any CPU
		{11CD44D3-DEE1-4F8D-97B0-A92F50740C2D}.Release|x64.ActiveCfg = Release|Any CPU
		{11CD44D3-DEE1-4F8D-97B0-A92F50740C2D}.Release|x64.Build.0 = Release|Any CPU
		{11CD44D3-DEE1-4F8D-97B0-A92F50740C2D}.Release|x86.ActiveCfg = Release|Any CPU
		{11CD44D3-DEE1-4F8D-97B0-A92F50740C2D}.Release|x86.Build.0 = Release|Any CPU
		{B7DA237F-7ACA-4A00-A43A-A83ED5FD377F}.Debug|Any CPU.ActiveCfg = Debug|Any CPU
		{B7DA237F-7ACA-4A00-A43A-A83ED5FD377F}.Debug|Any CPU.Build.0 = Debug|Any CPU
		{B7DA237F-7ACA-4A00-A43A-A83ED5FD377F}.Debug|x64.ActiveCfg = Debug|Any CPU
		{B7DA237F-7ACA-4A00-A43A-A83ED5FD377F}.Debug|x64.Build.0 = Debug|Any CPU
		{B7DA237F-7ACA-4A00-A43A-A83ED5FD377F}.Debug|x86.ActiveCfg = Debug|Any CPU
		{B7DA237F-7ACA-4A00-A43A-A83ED5FD377F}.Debug|x86.Build.0 = Debug|Any CPU
		{B7DA237F-7ACA-4A00-A43A-A83ED5FD377F}.Release|Any CPU.ActiveCfg = Release|Any CPU
		{B7DA237F-7ACA-4A00-A43A-A83ED5FD377F}.Release|Any CPU.Build.0 = Release|Any CPU
		{B7DA237F-7ACA-4A00-A43A-A83ED5FD377F}.Release|x64.ActiveCfg = Release|Any CPU
		{B7DA237F-7ACA-4A00-A43A-A83ED5FD377F}.Release|x64.Build.0 = Release|Any CPU
		{B7DA237F-7ACA-4A00-A43A-A83ED5FD377F}.Release|x86.ActiveCfg = Release|Any CPU
		{B7DA237F-7ACA-4A00-A43A-A83ED5FD377F}.Release|x86.Build.0 = Release|Any CPU
		{B176C633-2FD2-4AC6-A098-FE5143726BFC}.Debug|Any CPU.ActiveCfg = Debug|Any CPU
		{B176C633-2FD2-4AC6-A098-FE5143726BFC}.Debug|Any CPU.Build.0 = Debug|Any CPU
		{B176C633-2FD2-4AC6-A098-FE5143726BFC}.Debug|x64.ActiveCfg = Debug|Any CPU
		{B176C633-2FD2-4AC6-A098-FE5143726BFC}.Debug|x64.Build.0 = Debug|Any CPU
		{B176C633-2FD2-4AC6-A098-FE5143726BFC}.Debug|x86.ActiveCfg = Debug|Any CPU
		{B176C633-2FD2-4AC6-A098-FE5143726BFC}.Debug|x86.Build.0 = Debug|Any CPU
		{B176C633-2FD2-4AC6-A098-FE5143726BFC}.Release|Any CPU.ActiveCfg = Release|Any CPU
		{B176C633-2FD2-4AC6-A098-FE5143726BFC}.Release|Any CPU.Build.0 = Release|Any CPU
		{B176C633-2FD2-4AC6-A098-FE5143726BFC}.Release|x64.ActiveCfg = Release|Any CPU
		{B176C633-2FD2-4AC6-A098-FE5143726BFC}.Release|x64.Build.0 = Release|Any CPU
		{B176C633-2FD2-4AC6-A098-FE5143726BFC}.Release|x86.ActiveCfg = Release|Any CPU
		{B176C633-2FD2-4AC6-A098-FE5143726BFC}.Release|x86.Build.0 = Release|Any CPU
		{27097EE6-0C76-4978-88BA-E5AA9BC1E866}.Debug|Any CPU.ActiveCfg = Debug|Any CPU
		{27097EE6-0C76-4978-88BA-E5AA9BC1E866}.Debug|Any CPU.Build.0 = Debug|Any CPU
		{27097EE6-0C76-4978-88BA-E5AA9BC1E866}.Debug|x64.ActiveCfg = Debug|Any CPU
		{27097EE6-0C76-4978-88BA-E5AA9BC1E866}.Debug|x64.Build.0 = Debug|Any CPU
		{27097EE6-0C76-4978-88BA-E5AA9BC1E866}.Debug|x86.ActiveCfg = Debug|Any CPU
		{27097EE6-0C76-4978-88BA-E5AA9BC1E866}.Debug|x86.Build.0 = Debug|Any CPU
		{27097EE6-0C76-4978-88BA-E5AA9BC1E866}.Release|Any CPU.ActiveCfg = Release|Any CPU
		{27097EE6-0C76-4978-88BA-E5AA9BC1E866}.Release|Any CPU.Build.0 = Release|Any CPU
		{27097EE6-0C76-4978-88BA-E5AA9BC1E866}.Release|x64.ActiveCfg = Release|Any CPU
		{27097EE6-0C76-4978-88BA-E5AA9BC1E866}.Release|x64.Build.0 = Release|Any CPU
		{27097EE6-0C76-4978-88BA-E5AA9BC1E866}.Release|x86.ActiveCfg = Release|Any CPU
		{27097EE6-0C76-4978-88BA-E5AA9BC1E866}.Release|x86.Build.0 = Release|Any CPU
		{1E5DD6DB-4BB1-4ED1-8019-CFCE1C6AEB76}.Debug|Any CPU.ActiveCfg = Debug|Any CPU
		{1E5DD6DB-4BB1-4ED1-8019-CFCE1C6AEB76}.Debug|Any CPU.Build.0 = Debug|Any CPU
		{1E5DD6DB-4BB1-4ED1-8019-CFCE1C6AEB76}.Debug|x64.ActiveCfg = Debug|Any CPU
		{1E5DD6DB-4BB1-4ED1-8019-CFCE1C6AEB76}.Debug|x64.Build.0 = Debug|Any CPU
		{1E5DD6DB-4BB1-4ED1-8019-CFCE1C6AEB76}.Debug|x86.ActiveCfg = Debug|Any CPU
		{1E5DD6DB-4BB1-4ED1-8019-CFCE1C6AEB76}.Debug|x86.Build.0 = Debug|Any CPU
		{1E5DD6DB-4BB1-4ED1-8019-CFCE1C6AEB76}.Release|Any CPU.ActiveCfg = Release|Any CPU
		{1E5DD6DB-4BB1-4ED1-8019-CFCE1C6AEB76}.Release|Any CPU.Build.0 = Release|Any CPU
		{1E5DD6DB-4BB1-4ED1-8019-CFCE1C6AEB76}.Release|x64.ActiveCfg = Release|Any CPU
		{1E5DD6DB-4BB1-4ED1-8019-CFCE1C6AEB76}.Release|x64.Build.0 = Release|Any CPU
		{1E5DD6DB-4BB1-4ED1-8019-CFCE1C6AEB76}.Release|x86.ActiveCfg = Release|Any CPU
		{1E5DD6DB-4BB1-4ED1-8019-CFCE1C6AEB76}.Release|x86.Build.0 = Release|Any CPU
		{AB97905C-6596-4EA6-8E4C-B3D194085349}.Debug|Any CPU.ActiveCfg = Debug|Any CPU
		{AB97905C-6596-4EA6-8E4C-B3D194085349}.Debug|Any CPU.Build.0 = Debug|Any CPU
		{AB97905C-6596-4EA6-8E4C-B3D194085349}.Debug|x64.ActiveCfg = Debug|Any CPU
		{AB97905C-6596-4EA6-8E4C-B3D194085349}.Debug|x64.Build.0 = Debug|Any CPU
		{AB97905C-6596-4EA6-8E4C-B3D194085349}.Debug|x86.ActiveCfg = Debug|Any CPU
		{AB97905C-6596-4EA6-8E4C-B3D194085349}.Debug|x86.Build.0 = Debug|Any CPU
		{AB97905C-6596-4EA6-8E4C-B3D194085349}.Release|Any CPU.ActiveCfg = Release|Any CPU
		{AB97905C-6596-4EA6-8E4C-B3D194085349}.Release|Any CPU.Build.0 = Release|Any CPU
		{AB97905C-6596-4EA6-8E4C-B3D194085349}.Release|x64.ActiveCfg = Release|Any CPU
		{AB97905C-6596-4EA6-8E4C-B3D194085349}.Release|x64.Build.0 = Release|Any CPU
		{AB97905C-6596-4EA6-8E4C-B3D194085349}.Release|x86.ActiveCfg = Release|Any CPU
		{AB97905C-6596-4EA6-8E4C-B3D194085349}.Release|x86.Build.0 = Release|Any CPU
		{4BD55685-6500-45DB-8B63-7D0AF98C7E33}.Debug|Any CPU.ActiveCfg = Debug|Any CPU
		{4BD55685-6500-45DB-8B63-7D0AF98C7E33}.Debug|Any CPU.Build.0 = Debug|Any CPU
		{4BD55685-6500-45DB-8B63-7D0AF98C7E33}.Debug|x64.ActiveCfg = Debug|Any CPU
		{4BD55685-6500-45DB-8B63-7D0AF98C7E33}.Debug|x64.Build.0 = Debug|Any CPU
		{4BD55685-6500-45DB-8B63-7D0AF98C7E33}.Debug|x86.ActiveCfg = Debug|Any CPU
		{4BD55685-6500-45DB-8B63-7D0AF98C7E33}.Debug|x86.Build.0 = Debug|Any CPU
		{4BD55685-6500-45DB-8B63-7D0AF98C7E33}.Release|Any CPU.ActiveCfg = Release|Any CPU
		{4BD55685-6500-45DB-8B63-7D0AF98C7E33}.Release|Any CPU.Build.0 = Release|Any CPU
		{4BD55685-6500-45DB-8B63-7D0AF98C7E33}.Release|x64.ActiveCfg = Release|Any CPU
		{4BD55685-6500-45DB-8B63-7D0AF98C7E33}.Release|x64.Build.0 = Release|Any CPU
		{4BD55685-6500-45DB-8B63-7D0AF98C7E33}.Release|x86.ActiveCfg = Release|Any CPU
		{4BD55685-6500-45DB-8B63-7D0AF98C7E33}.Release|x86.Build.0 = Release|Any CPU
	EndGlobalSection
EndGlobal
